
Microsoft Visual Studio Solution File, Format Version 12.00
# Visual Studio Version 17
VisualStudioVersion = 17.8.34525.116
MinimumVisualStudioVersion = 10.0.40219.1
Project("{FAE04EC0-301F-11D3-BF4B-00C04F79EFBC}") = "Federation", "Federation\Federation.csproj", "{A399CB23-1C55-42AD-87E8-B85D8F448C87}"
EndProject
Global
	GlobalSection(SolutionConfigurationPlatforms) = preSolution
		Debug|Any CPU = Debug|Any CPU
		Release|Any CPU = Release|Any CPU
	EndGlobalSection
	GlobalSection(ProjectConfigurationPlatforms) = postSolution
		{A399CB23-1C55-42AD-87E8-B85D8F448C87}.Debug|Any CPU.ActiveCfg = Debug|Any CPU
		{A399CB23-1C55-42AD-87E8-B85D8F448C87}.Debug|Any CPU.Build.0 = Debug|Any CPU
		{A399CB23-1C55-42AD-87E8-B85D8F448C87}.Release|Any CPU.ActiveCfg = Release|Any CPU
		{A399CB23-1C55-42AD-87E8-B85D8F448C87}.Release|Any CPU.Build.0 = Release|Any CPU
	EndGlobalSection
	GlobalSection(SolutionProperties) = preSolution
		HideSolutionNode = FALSE
	EndGlobalSection
	GlobalSection(ExtensibilityGlobals) = postSolution
		SolutionGuid = {307FC539-D437-4667-BE36-C0881D5A88D7}
	EndGlobalSection
EndGlobal
